
Microsoft Visual Studio Solution File, Format Version 12.00
# Visual Studio Version 16
VisualStudioVersion = 16.0.31005.135
MinimumVisualStudioVersion = 10.0.40219.1
Project("{FAE04EC0-301F-11D3-BF4B-00C04F79EFBC}") = "DatabaseApplication", "DatabseApp1\DatabaseApplication.csproj", "{5B2DEC05-0600-429D-A717-E904A4FA6820}"
EndProject
Global
	GlobalSection(SolutionConfigurationPlatforms) = preSolution
		Debug|Any CPU = Debug|Any CPU
		Release|Any CPU = Release|Any CPU
	EndGlobalSection
	GlobalSection(ProjectConfigurationPlatforms) = postSolution
		{5B2DEC05-0600-429D-A717-E904A4FA6820}.Debug|Any CPU.ActiveCfg = Debug|Any CPU
		{5B2DEC05-0600-429D-A717-E904A4FA6820}.Debug|Any CPU.Build.0 = Debug|Any CPU
		{5B2DEC05-0600-429D-A717-E904A4FA6820}.Release|Any CPU.ActiveCfg = Release|Any CPU
		{5B2DEC05-0600-429D-A717-E904A4FA6820}.Release|Any CPU.Build.0 = Release|Any CPU
	EndGlobalSection
	GlobalSection(SolutionProperties) = preSolution
		HideSolutionNode = FALSE
	EndGlobalSection
	GlobalSection(ExtensibilityGlobals) = postSolution
		SolutionGuid = {08DCC162-DB64-42FD-A6E5-83C3C43EE13F}
	EndGlobalSection
EndGlobal
